
Microsoft Visual Studio Solution File, Format Version 9.00
# Visual Studio 2005
Project("{FAE04EC0-301F-11D3-BF4B-00C04F79EFBC}") = "Encoder-simple", "Encoder-simple\Encoder-simple.csproj", "{630EF451-B438-4568-B69C-37B686A04147}"
EndProject
Global
	GlobalSection(SolutionConfigurationPlatforms) = preSolution
		Debug|Any CPU = Debug|Any CPU
		Release|Any CPU = Release|Any CPU
	EndGlobalSection
	GlobalSection(ProjectConfigurationPlatforms) = postSolution
		{630EF451-B438-4568-B69C-37B686A04147}.Debug|Any CPU.ActiveCfg = Debug|Any CPU
		{630EF451-B438-4568-B69C-37B686A04147}.Debug|Any CPU.Build.0 = Debug|Any CPU
		{630EF451-B438-4568-B69C-37B686A04147}.Release|Any CPU.ActiveCfg = Release|Any CPU
		{630EF451-B438-4568-B69C-37B686A04147}.Release|Any CPU.Build.0 = Release|Any CPU
	EndGlobalSection
	GlobalSection(SolutionProperties) = preSolution
		HideSolutionNode = FALSE
	EndGlobalSection
EndGlobal
