
Microsoft Visual Studio Solution File, Format Version 9.00
# Visual Studio 2005
Project("{FAE04EC0-301F-11D3-BF4B-00C04F79EFBC}") = "LED-full", "LED-full\LED-full.csproj", "{DE43BCF5-FCAF-415E-9115-B51F89A85126}"
EndProject
Global
	GlobalSection(SolutionConfigurationPlatforms) = preSolution
		Debug|Any CPU = Debug|Any CPU
		Release|Any CPU = Release|Any CPU
	EndGlobalSection
	GlobalSection(ProjectConfigurationPlatforms) = postSolution
		{DE43BCF5-FCAF-415E-9115-B51F89A85126}.Debug|Any CPU.ActiveCfg = Debug|Any CPU
		{DE43BCF5-FCAF-415E-9115-B51F89A85126}.Debug|Any CPU.Build.0 = Debug|Any CPU
		{DE43BCF5-FCAF-415E-9115-B51F89A85126}.Release|Any CPU.ActiveCfg = Release|Any CPU
		{DE43BCF5-FCAF-415E-9115-B51F89A85126}.Release|Any CPU.Build.0 = Release|Any CPU
	EndGlobalSection
	GlobalSection(SolutionProperties) = preSolution
		HideSolutionNode = FALSE
	EndGlobalSection
EndGlobal
