
Microsoft Visual Studio Solution File, Format Version 9.00
# Visual Studio 2005
Project("{FAE04EC0-301F-11D3-BF4B-00C04F79EFBC}") = "PHSensor-full", "PHSensor-full\PHSensor-full.csproj", "{61FC1EEB-6F45-46D6-9143-3420D83CB0CD}"
EndProject
Global
	GlobalSection(SolutionConfigurationPlatforms) = preSolution
		Debug|Any CPU = Debug|Any CPU
		Release|Any CPU = Release|Any CPU
	EndGlobalSection
	GlobalSection(ProjectConfigurationPlatforms) = postSolution
		{61FC1EEB-6F45-46D6-9143-3420D83CB0CD}.Debug|Any CPU.ActiveCfg = Debug|Any CPU
		{61FC1EEB-6F45-46D6-9143-3420D83CB0CD}.Debug|Any CPU.Build.0 = Debug|Any CPU
		{61FC1EEB-6F45-46D6-9143-3420D83CB0CD}.Release|Any CPU.ActiveCfg = Release|Any CPU
		{61FC1EEB-6F45-46D6-9143-3420D83CB0CD}.Release|Any CPU.Build.0 = Release|Any CPU
	EndGlobalSection
	GlobalSection(SolutionProperties) = preSolution
		HideSolutionNode = FALSE
	EndGlobalSection
EndGlobal
