
Microsoft Visual Studio Solution File, Format Version 9.00
# Visual Studio 2005
Project("{FAE04EC0-301F-11D3-BF4B-00C04F79EFBC}") = "FrequencyCounter-full", "FrequencyCounter-full\FrequencyCounter-full.csproj", "{D7970D60-1EA6-499B-BE12-EE58C59F55D8}"
EndProject
Global
	GlobalSection(SolutionConfigurationPlatforms) = preSolution
		Debug|Any CPU = Debug|Any CPU
		Release|Any CPU = Release|Any CPU
	EndGlobalSection
	GlobalSection(ProjectConfigurationPlatforms) = postSolution
		{D7970D60-1EA6-499B-BE12-EE58C59F55D8}.Debug|Any CPU.ActiveCfg = Debug|Any CPU
		{D7970D60-1EA6-499B-BE12-EE58C59F55D8}.Debug|Any CPU.Build.0 = Debug|Any CPU
		{D7970D60-1EA6-499B-BE12-EE58C59F55D8}.Release|Any CPU.ActiveCfg = Release|Any CPU
		{D7970D60-1EA6-499B-BE12-EE58C59F55D8}.Release|Any CPU.Build.0 = Release|Any CPU
	EndGlobalSection
	GlobalSection(SolutionProperties) = preSolution
		HideSolutionNode = FALSE
	EndGlobalSection
EndGlobal
