
Microsoft Visual Studio Solution File, Format Version 9.00
# Visual Studio 2005
Project("{FAE04EC0-301F-11D3-BF4B-00C04F79EFBC}") = "MotorControl-full", "MotorControl-full\MotorControl-full.csproj", "{B54E1F51-470A-4C58-BCC6-51DC459F8D4D}"
EndProject
Global
	GlobalSection(SolutionConfigurationPlatforms) = preSolution
		Debug|Any CPU = Debug|Any CPU
		Release|Any CPU = Release|Any CPU
	EndGlobalSection
	GlobalSection(ProjectConfigurationPlatforms) = postSolution
		{B54E1F51-470A-4C58-BCC6-51DC459F8D4D}.Debug|Any CPU.ActiveCfg = Debug|Any CPU
		{B54E1F51-470A-4C58-BCC6-51DC459F8D4D}.Debug|Any CPU.Build.0 = Debug|Any CPU
		{B54E1F51-470A-4C58-BCC6-51DC459F8D4D}.Release|Any CPU.ActiveCfg = Release|Any CPU
		{B54E1F51-470A-4C58-BCC6-51DC459F8D4D}.Release|Any CPU.Build.0 = Release|Any CPU
	EndGlobalSection
	GlobalSection(SolutionProperties) = preSolution
		HideSolutionNode = FALSE
	EndGlobalSection
EndGlobal
